
Microsoft Visual Studio Solution File, Format Version 12.00
# Visual Studio Version 17
VisualStudioVersion = 17.1.32328.378
MinimumVisualStudioVersion = 10.0.40219.1
Project("{9A19103F-16F7-4668-BE54-9A1E7A4F7556}") = "ASPNETMVC-G2-L4-Views", "MVCTestRecap\ASPNETMVC-G2-L4-Views.csproj", "{27950528-AB2E-4A8A-B607-31112CCBAEE9}"
EndProject
Global
	GlobalSection(SolutionConfigurationPlatforms) = preSolution
		Debug|Any CPU = Debug|Any CPU
		Release|Any CPU = Release|Any CPU
	EndGlobalSection
	GlobalSection(ProjectConfigurationPlatforms) = postSolution
		{27950528-AB2E-4A8A-B607-31112CCBAEE9}.Debug|Any CPU.ActiveCfg = Debug|Any CPU
		{27950528-AB2E-4A8A-B607-31112CCBAEE9}.Debug|Any CPU.Build.0 = Debug|Any CPU
		{27950528-AB2E-4A8A-B607-31112CCBAEE9}.Release|Any CPU.ActiveCfg = Release|Any CPU
		{27950528-AB2E-4A8A-B607-31112CCBAEE9}.Release|Any CPU.Build.0 = Release|Any CPU
	EndGlobalSection
	GlobalSection(SolutionProperties) = preSolution
		HideSolutionNode = FALSE
	EndGlobalSection
	GlobalSection(ExtensibilityGlobals) = postSolution
		SolutionGuid = {A9BD9165-F89E-434E-A35C-2A9CF1E636BF}
	EndGlobalSection
EndGlobal
