
Microsoft Visual Studio Solution File, Format Version 12.00
# Visual Studio Version 17
VisualStudioVersion = 17.2.32526.322
MinimumVisualStudioVersion = 10.0.40219.1
Project("{FAE04EC0-301F-11D3-BF4B-00C04F79EFBC}") = "MovieWebApp", "MovieWebApp\MovieWebApp.csproj", "{F7FB1775-F3DF-44BB-BE2A-D17044040D8D}"
EndProject
Global
	GlobalSection(SolutionConfigurationPlatforms) = preSolution
		Debug|Any CPU = Debug|Any CPU
		Release|Any CPU = Release|Any CPU
	EndGlobalSection
	GlobalSection(ProjectConfigurationPlatforms) = postSolution
		{F7FB1775-F3DF-44BB-BE2A-D17044040D8D}.Debug|Any CPU.ActiveCfg = Debug|Any CPU
		{F7FB1775-F3DF-44BB-BE2A-D17044040D8D}.Debug|Any CPU.Build.0 = Debug|Any CPU
		{F7FB1775-F3DF-44BB-BE2A-D17044040D8D}.Release|Any CPU.ActiveCfg = Release|Any CPU
		{F7FB1775-F3DF-44BB-BE2A-D17044040D8D}.Release|Any CPU.Build.0 = Release|Any CPU
	EndGlobalSection
	GlobalSection(SolutionProperties) = preSolution
		HideSolutionNode = FALSE
	EndGlobalSection
	GlobalSection(ExtensibilityGlobals) = postSolution
		SolutionGuid = {577897CA-A5FE-42F9-BB6B-F9E2D46A05E6}
	EndGlobalSection
EndGlobal
