
Microsoft Visual Studio Solution File, Format Version 12.00
# Visual Studio Version 17
VisualStudioVersion = 17.2.32526.322
MinimumVisualStudioVersion = 10.0.40219.1
Project("{FAE04EC0-301F-11D3-BF4B-00C04F79EFBC}") = "ModelsDemoWebApp", "ModelsDemoWebApp\ModelsDemoWebApp.csproj", "{1E946D32-733E-4A54-8111-9543976BD05C}"
EndProject
Global
	GlobalSection(SolutionConfigurationPlatforms) = preSolution
		Debug|Any CPU = Debug|Any CPU
		Release|Any CPU = Release|Any CPU
	EndGlobalSection
	GlobalSection(ProjectConfigurationPlatforms) = postSolution
		{1E946D32-733E-4A54-8111-9543976BD05C}.Debug|Any CPU.ActiveCfg = Debug|Any CPU
		{1E946D32-733E-4A54-8111-9543976BD05C}.Debug|Any CPU.Build.0 = Debug|Any CPU
		{1E946D32-733E-4A54-8111-9543976BD05C}.Release|Any CPU.ActiveCfg = Release|Any CPU
		{1E946D32-733E-4A54-8111-9543976BD05C}.Release|Any CPU.Build.0 = Release|Any CPU
	EndGlobalSection
	GlobalSection(SolutionProperties) = preSolution
		HideSolutionNode = FALSE
	EndGlobalSection
	GlobalSection(ExtensibilityGlobals) = postSolution
		SolutionGuid = {AEFDCEB9-EDA9-4E03-ADCA-C630C0FFC545}
	EndGlobalSection
EndGlobal
