
Microsoft Visual Studio Solution File, Format Version 12.00
# Visual Studio Version 17
VisualStudioVersion = 17.2.32526.322
MinimumVisualStudioVersion = 10.0.40219.1
Project("{FAE04EC0-301F-11D3-BF4B-00C04F79EFBC}") = "ASPNETMVC-G2-L1", "ASPNETMVC-G2-L1\ASPNETMVC-G2-L1.csproj", "{6BFB3C9F-7E1E-434B-93E9-21A8ED4B9960}"
EndProject
Global
	GlobalSection(SolutionConfigurationPlatforms) = preSolution
		Debug|Any CPU = Debug|Any CPU
		Release|Any CPU = Release|Any CPU
	EndGlobalSection
	GlobalSection(ProjectConfigurationPlatforms) = postSolution
		{6BFB3C9F-7E1E-434B-93E9-21A8ED4B9960}.Debug|Any CPU.ActiveCfg = Debug|Any CPU
		{6BFB3C9F-7E1E-434B-93E9-21A8ED4B9960}.Debug|Any CPU.Build.0 = Debug|Any CPU
		{6BFB3C9F-7E1E-434B-93E9-21A8ED4B9960}.Release|Any CPU.ActiveCfg = Release|Any CPU
		{6BFB3C9F-7E1E-434B-93E9-21A8ED4B9960}.Release|Any CPU.Build.0 = Release|Any CPU
	EndGlobalSection
	GlobalSection(SolutionProperties) = preSolution
		HideSolutionNode = FALSE
	EndGlobalSection
	GlobalSection(ExtensibilityGlobals) = postSolution
		SolutionGuid = {1DCACA86-2CE5-43A0-B8E9-E720DD812C5F}
	EndGlobalSection
EndGlobal
