
Microsoft Visual Studio Solution File, Format Version 12.00
# Visual Studio Version 17
VisualStudioVersion = 17.2.32602.215
MinimumVisualStudioVersion = 10.0.40219.1
Project("{FAE04EC0-301F-11D3-BF4B-00C04F79EFBC}") = "SEDC.Class04.Demo", "SEDC.Class04.Demo\SEDC.Class04.Demo.csproj", "{BD9C0414-1A28-48D9-A23B-EDABB99BA3C6}"
EndProject
Global
	GlobalSection(SolutionConfigurationPlatforms) = preSolution
		Debug|Any CPU = Debug|Any CPU
		Release|Any CPU = Release|Any CPU
	EndGlobalSection
	GlobalSection(ProjectConfigurationPlatforms) = postSolution
		{BD9C0414-1A28-48D9-A23B-EDABB99BA3C6}.Debug|Any CPU.ActiveCfg = Debug|Any CPU
		{BD9C0414-1A28-48D9-A23B-EDABB99BA3C6}.Debug|Any CPU.Build.0 = Debug|Any CPU
		{BD9C0414-1A28-48D9-A23B-EDABB99BA3C6}.Release|Any CPU.ActiveCfg = Release|Any CPU
		{BD9C0414-1A28-48D9-A23B-EDABB99BA3C6}.Release|Any CPU.Build.0 = Release|Any CPU
	EndGlobalSection
	GlobalSection(SolutionProperties) = preSolution
		HideSolutionNode = FALSE
	EndGlobalSection
	GlobalSection(ExtensibilityGlobals) = postSolution
		SolutionGuid = {233D3950-5AAB-45FF-8C42-A880E6AEB77A}
	EndGlobalSection
EndGlobal
