
Microsoft Visual Studio Solution File, Format Version 12.00
# Visual Studio Version 17
VisualStudioVersion = 17.2.32602.215
MinimumVisualStudioVersion = 10.0.40219.1
Project("{FAE04EC0-301F-11D3-BF4B-00C04F79EFBC}") = "SEDC.PizzaApp02.App", "SEDC.PizzaApp02.App\SEDC.PizzaApp02.App.csproj", "{EAE384A6-1707-4C43-BFE8-5B614EF61054}"
EndProject
Global
	GlobalSection(SolutionConfigurationPlatforms) = preSolution
		Debug|Any CPU = Debug|Any CPU
		Release|Any CPU = Release|Any CPU
	EndGlobalSection
	GlobalSection(ProjectConfigurationPlatforms) = postSolution
		{EAE384A6-1707-4C43-BFE8-5B614EF61054}.Debug|Any CPU.ActiveCfg = Debug|Any CPU
		{EAE384A6-1707-4C43-BFE8-5B614EF61054}.Debug|Any CPU.Build.0 = Debug|Any CPU
		{EAE384A6-1707-4C43-BFE8-5B614EF61054}.Release|Any CPU.ActiveCfg = Release|Any CPU
		{EAE384A6-1707-4C43-BFE8-5B614EF61054}.Release|Any CPU.Build.0 = Release|Any CPU
	EndGlobalSection
	GlobalSection(SolutionProperties) = preSolution
		HideSolutionNode = FALSE
	EndGlobalSection
	GlobalSection(ExtensibilityGlobals) = postSolution
		SolutionGuid = {176D51FA-BDCF-4214-896A-6D8052631C49}
	EndGlobalSection
EndGlobal
