
Microsoft Visual Studio Solution File, Format Version 12.00
# Visual Studio Version 17
VisualStudioVersion = 17.2.32526.322
MinimumVisualStudioVersion = 10.0.40219.1
Project("{9A19103F-16F7-4668-BE54-9A1E7A4F7556}") = "PizzaApp1", "PizzaApp1\PizzaApp1.csproj", "{EE8A415A-EBC1-49CE-A344-D1366B3B301B}"
EndProject
Global
	GlobalSection(SolutionConfigurationPlatforms) = preSolution
		Debug|Any CPU = Debug|Any CPU
		Release|Any CPU = Release|Any CPU
	EndGlobalSection
	GlobalSection(ProjectConfigurationPlatforms) = postSolution
		{EE8A415A-EBC1-49CE-A344-D1366B3B301B}.Debug|Any CPU.ActiveCfg = Debug|Any CPU
		{EE8A415A-EBC1-49CE-A344-D1366B3B301B}.Debug|Any CPU.Build.0 = Debug|Any CPU
		{EE8A415A-EBC1-49CE-A344-D1366B3B301B}.Release|Any CPU.ActiveCfg = Release|Any CPU
		{EE8A415A-EBC1-49CE-A344-D1366B3B301B}.Release|Any CPU.Build.0 = Release|Any CPU
	EndGlobalSection
	GlobalSection(SolutionProperties) = preSolution
		HideSolutionNode = FALSE
	EndGlobalSection
	GlobalSection(ExtensibilityGlobals) = postSolution
		SolutionGuid = {67126D34-AB1E-4B71-9831-381FEF5289A7}
	EndGlobalSection
EndGlobal
