
Microsoft Visual Studio Solution File, Format Version 12.00
# Visual Studio Version 17
VisualStudioVersion = 17.2.32602.215
MinimumVisualStudioVersion = 10.0.40219.1
Project("{FAE04EC0-301F-11D3-BF4B-00C04F79EFBC}") = "SEDC.PizzaApp.Web", "SEDC.PizzaApp.Web\SEDC.PizzaApp.Web.csproj", "{6994C961-F2E9-45CF-95CA-25503F255425}"
EndProject
Global
	GlobalSection(SolutionConfigurationPlatforms) = preSolution
		Debug|Any CPU = Debug|Any CPU
		Release|Any CPU = Release|Any CPU
	EndGlobalSection
	GlobalSection(ProjectConfigurationPlatforms) = postSolution
		{6994C961-F2E9-45CF-95CA-25503F255425}.Debug|Any CPU.ActiveCfg = Debug|Any CPU
		{6994C961-F2E9-45CF-95CA-25503F255425}.Debug|Any CPU.Build.0 = Debug|Any CPU
		{6994C961-F2E9-45CF-95CA-25503F255425}.Release|Any CPU.ActiveCfg = Release|Any CPU
		{6994C961-F2E9-45CF-95CA-25503F255425}.Release|Any CPU.Build.0 = Release|Any CPU
	EndGlobalSection
	GlobalSection(SolutionProperties) = preSolution
		HideSolutionNode = FALSE
	EndGlobalSection
	GlobalSection(ExtensibilityGlobals) = postSolution
		SolutionGuid = {90E37FE5-AA30-4091-902B-A9DD7562C3E4}
	EndGlobalSection
EndGlobal
